
Microsoft Visual Studio Solution File, Format Version 12.00
# Visual Studio 15
VisualStudioVersion = 15.0.33423.255
MinimumVisualStudioVersion = 10.0.40219.1
Project("{FAE04EC0-301F-11D3-BF4B-00C04F79EFBC}") = "ComputerShop Data Colection n Navigation", "ComputerShop Data Colection n Navigation\ComputerShop Data Colection n Navigation.csproj", "{0C6EB48C-CC4A-4D30-AF14-CB7986CC1152}"
EndProject
Global
	GlobalSection(SolutionConfigurationPlatforms) = preSolution
		Debug|Any CPU = Debug|Any CPU
		Release|Any CPU = Release|Any CPU
	EndGlobalSection
	GlobalSection(ProjectConfigurationPlatforms) = postSolution
		{0C6EB48C-CC4A-4D30-AF14-CB7986CC1152}.Debug|Any CPU.ActiveCfg = Debug|Any CPU
		{0C6EB48C-CC4A-4D30-AF14-CB7986CC1152}.Debug|Any CPU.Build.0 = Debug|Any CPU
		{0C6EB48C-CC4A-4D30-AF14-CB7986CC1152}.Release|Any CPU.ActiveCfg = Release|Any CPU
		{0C6EB48C-CC4A-4D30-AF14-CB7986CC1152}.Release|Any CPU.Build.0 = Release|Any CPU
	EndGlobalSection
	GlobalSection(SolutionProperties) = preSolution
		HideSolutionNode = FALSE
	EndGlobalSection
	GlobalSection(ExtensibilityGlobals) = postSolution
		SolutionGuid = {91C4A438-7826-42F4-B5D7-B2298924CE4E}
	EndGlobalSection
EndGlobal
